
Microsoft Visual Studio Solution File, Format Version 12.00
# Visual Studio Version 16
VisualStudioVersion = 16.0.30503.244
MinimumVisualStudioVersion = 10.0.40219.1
Project("{FAE04EC0-301F-11D3-BF4B-00C04F79EFBC}") = "ScreenShare", "ScreenShare\ScreenShare.csproj", "{4CFEAB78-9872-4FAD-875C-5F3BA195BFBB}"
EndProject
Global
	GlobalSection(SolutionConfigurationPlatforms) = preSolution
		Debug|Any CPU = Debug|Any CPU
		Release|Any CPU = Release|Any CPU
	EndGlobalSection
	GlobalSection(ProjectConfigurationPlatforms) = postSolution
		{4CFEAB78-9872-4FAD-875C-5F3BA195BFBB}.Debug|Any CPU.ActiveCfg = Debug|Any CPU
		{4CFEAB78-9872-4FAD-875C-5F3BA195BFBB}.Debug|Any CPU.Build.0 = Debug|Any CPU
		{4CFEAB78-9872-4FAD-875C-5F3BA195BFBB}.Release|Any CPU.ActiveCfg = Release|Any CPU
		{4CFEAB78-9872-4FAD-875C-5F3BA195BFBB}.Release|Any CPU.Build.0 = Release|Any CPU
	EndGlobalSection
	GlobalSection(SolutionProperties) = preSolution
		HideSolutionNode = FALSE
	EndGlobalSection
	GlobalSection(ExtensibilityGlobals) = postSolution
		SolutionGuid = {286604B1-4DFD-4D8E-A303-F95F468FF1F0}
	EndGlobalSection
EndGlobal
